PODS:
  - Flutter (1.0.0)
  - LaunchDarkly (5.4.0):
    - LaunchDarkly/Core (= 5.4.0)
  - LaunchDarkly/Core (5.4.0):
    - LDSwiftEventSource (= 1.2.1)
  - launchdarkly_flutter_client_sdk (0.0.1):
    - Flutter
    - LaunchDarkly (= 5.4)
  - LDSwiftEventSource (1.2.1)

DEPENDENCIES:
  - Flutter (from `Flutter`)
  - launchdarkly_flutter_client_sdk (from `.symlinks/plugins/launchdarkly_flutter_client_sdk/ios`)

SPEC REPOS:
  trunk:
    - LaunchDarkly
    - LDSwiftEventSource

EXTERNAL SOURCES:
  Flutter:
    :path: Flutter
  launchdarkly_flutter_client_sdk:
    :path: ".symlinks/plugins/launchdarkly_flutter_client_sdk/ios"

SPEC CHECKSUMS:
  Flutter: 434fef37c0980e73bb6479ef766c45957d4b510c
  LaunchDarkly: 0c0cf0a86bd0524d2f809479cc5071d492ec3813
  launchdarkly_flutter_client_sdk: 7076c895efa04510fe343c66393ca33d0cbf9dd4
  LDSwiftEventSource: 4f48b8d123032c64073a0fabc2d2ce60da27f820

PODFILE CHECKSUM: 54c92ae724292d2039df4b5b1bbeb7d8176aec1d

COCOAPODS: 1.10.0
